
Microsoft Visual Studio Solution File, Format Version 12.00
# Visual Studio Version 17
VisualStudioVersion = 17.8.34330.188
MinimumVisualStudioVersion = 10.0.40219.1
Project("{9A19103F-16F7-4668-BE54-9A1E7A4F7556}") = "prime-factors", "prime-factors\prime-factors.csproj", "{A1D57907-5661-468F-A8AB-86A69BC23500}"
EndProject
Project("{FAE04EC0-301F-11D3-BF4B-00C04F79EFBC}") = "prime-factors-test", "prime-factors-test\prime-factors-test.csproj", "{253C7BED-FA73-4E57-A60C-4CF2D0D33DE6}"
EndProject
Global
	GlobalSection(SolutionConfigurationPlatforms) = preSolution
		Debug|Any CPU = Debug|Any CPU
		Release|Any CPU = Release|Any CPU
	EndGlobalSection
	GlobalSection(ProjectConfigurationPlatforms) = postSolution
		{A1D57907-5661-468F-A8AB-86A69BC23500}.Debug|Any CPU.ActiveCfg = Debug|Any CPU
		{A1D57907-5661-468F-A8AB-86A69BC23500}.Debug|Any CPU.Build.0 = Debug|Any CPU
		{A1D57907-5661-468F-A8AB-86A69BC23500}.Release|Any CPU.ActiveCfg = Release|Any CPU
		{A1D57907-5661-468F-A8AB-86A69BC23500}.Release|Any CPU.Build.0 = Release|Any CPU
		{253C7BED-FA73-4E57-A60C-4CF2D0D33DE6}.Debug|Any CPU.ActiveCfg = Debug|Any CPU
		{253C7BED-FA73-4E57-A60C-4CF2D0D33DE6}.Debug|Any CPU.Build.0 = Debug|Any CPU
		{253C7BED-FA73-4E57-A60C-4CF2D0D33DE6}.Release|Any CPU.ActiveCfg = Release|Any CPU
		{253C7BED-FA73-4E57-A60C-4CF2D0D33DE6}.Release|Any CPU.Build.0 = Release|Any CPU
	EndGlobalSection
	GlobalSection(SolutionProperties) = preSolution
		HideSolutionNode = FALSE
	EndGlobalSection
	GlobalSection(ExtensibilityGlobals) = postSolution
		SolutionGuid = {73755404-BF82-4DC1-9A69-06496B9FB01E}
	EndGlobalSection
EndGlobal
